
Microsoft Visual Studio Solution File, Format Version 12.00
# Visual Studio Version 17
VisualStudioVersion = 17.13.35818.85
MinimumVisualStudioVersion = 10.0.40219.1
Project("{2150E333-8FDC-42A3-9474-1A3956D46DE8}") = "Services", "Services", "{02EA681E-C7D8-13C7-8484-4AC65E1B71E8}"
EndProject
Project("{2150E333-8FDC-42A3-9474-1A3956D46DE8}") = "Catalog", "Catalog", "{4E871530-8B7F-41A1-8485-3F4383D9C806}"
EndProject
Project("{FAE04EC0-301F-11D3-BF4B-00C04F79EFBC}") = "MultiShop.Catalog", "Services\Catalog\MultiShop.Catalog\MultiShop.Catalog.csproj", "{506804C8-7AE2-4EB6-BC8A-6C23DADBC7FB}"
EndProject
Project("{2150E333-8FDC-42A3-9474-1A3956D46DE8}") = "Discount", "Discount", "{8AB938FE-872D-429F-91A4-F94886B9F887}"
EndProject
Project("{FAE04EC0-301F-11D3-BF4B-00C04F79EFBC}") = "MultiShop.Discount", "Services\Discount\MultiShop.Discount\MultiShop.Discount.csproj", "{8BB15002-5AE8-41FF-8DCC-E81830DC62A7}"
EndProject
Project("{2150E333-8FDC-42A3-9474-1A3956D46DE8}") = "Order", "Order", "{1EC051B0-34F9-454A-8304-6EDD94137018}"
EndProject
Project("{2150E333-8FDC-42A3-9474-1A3956D46DE8}") = "Core", "Core", "{8990DA10-527E-43CA-94EF-D54815E5181F}"
EndProject
Project("{2150E333-8FDC-42A3-9474-1A3956D46DE8}") = "Infrastructure", "Infrastructure", "{AB0E4950-F770-4A52-8E16-A8CCED92DC91}"
EndProject
Project("{2150E333-8FDC-42A3-9474-1A3956D46DE8}") = "Presentation", "Presentation", "{89E777C6-6C3A-4AD5-B586-E3C4FD1970D6}"
EndProject
Project("{FAE04EC0-301F-11D3-BF4B-00C04F79EFBC}") = "MultiShop.Order.Domain", "Services\Order\Core\MultiShop.Order.Domain\MultiShop.Order.Domain.csproj", "{0BFBF8F3-8A0F-4962-A140-A59E1A534CF2}"
EndProject
Project("{FAE04EC0-301F-11D3-BF4B-00C04F79EFBC}") = "MultiShop.Order.Application", "Services\Order\Core\MultiShop.Order.Application\MultiShop.Order.Application.csproj", "{4BBDB31C-4AFE-4886-B1C3-ADBC3F6651E2}"
EndProject
Project("{FAE04EC0-301F-11D3-BF4B-00C04F79EFBC}") = "MultiShop.Order.Persistence", "Services\Order\Infrastructure\MultiShop.Order.Persistence\MultiShop.Order.Persistence.csproj", "{B5458493-D95F-4A8D-8CF2-072CE7E0E50C}"
EndProject
Project("{FAE04EC0-301F-11D3-BF4B-00C04F79EFBC}") = "MultiShop.Order.WebApi", "Services\Order\Presentation\MultiShop.Order.WebApi\MultiShop.Order.WebApi.csproj", "{19320D6A-65EC-47D4-8395-DF7E2C85917D}"
EndProject
Project("{2150E333-8FDC-42A3-9474-1A3956D46DE8}") = "IdentityServer", "IdentityServer", "{63BC8367-0117-4C2E-A2A2-04721EAE6EB2}"
EndProject
Project("{FAE04EC0-301F-11D3-BF4B-00C04F79EFBC}") = "MultiShop.IdentityServer", "IdentityServer\MultiShop.IdentityServer\MultiShop.IdentityServer.csproj", "{EA14094F-FB55-5ABC-1402-B4229C4AD0B1}"
EndProject
Project("{2150E333-8FDC-42A3-9474-1A3956D46DE8}") = "Requirements", "Requirements", "{2E2D58F3-C664-45EF-8F87-DD00853E528D}"
	ProjectSection(SolutionItems) = preProject
		FontAwesomeLink.txt = FontAwesomeLink.txt
		IdentityServerVersionErrorSolution.txt = IdentityServerVersionErrorSolution.txt
		OcelotCodeExample.txt = OcelotCodeExample.txt
		OcelotLinks.txt = OcelotLinks.txt
		OrderHtml.txt = OrderHtml.txt
		PortainerCmd.txt = PortainerCmd.txt
		PortNumbers.txt = PortNumbers.txt
		UserExample.txt = UserExample.txt
		WebUILoginIndexMethod.txt = WebUILoginIndexMethod.txt
	EndProjectSection
EndProject
Project("{2150E333-8FDC-42A3-9474-1A3956D46DE8}") = "Cargo", "Cargo", "{D0D79875-402B-43C4-9974-AAA80472DC40}"
EndProject
Project("{FAE04EC0-301F-11D3-BF4B-00C04F79EFBC}") = "MultiShop.Cargo.BusinessLayer", "Services\Cargo\MultiShop.Cargo.BusinessLayer\MultiShop.Cargo.BusinessLayer.csproj", "{89FD09BE-AFEE-4580-9E24-D5E5E3F280DD}"
EndProject
Project("{FAE04EC0-301F-11D3-BF4B-00C04F79EFBC}") = "MultiShop.Cargo.EntityLayer", "Services\Cargo\MultiShop.Cargo.EntityLayer\MultiShop.Cargo.EntityLayer.csproj", "{134372A7-8A28-4737-BCEB-488E47B575D0}"
EndProject
Project("{FAE04EC0-301F-11D3-BF4B-00C04F79EFBC}") = "MultiShop.Cargo.DataAccessLayer", "Services\Cargo\MultiShop.Cargo.DataAccessLayer\MultiShop.Cargo.DataAccessLayer.csproj", "{507B7FE8-7C64-4620-8420-EFEAEC4C7538}"
EndProject
Project("{FAE04EC0-301F-11D3-BF4B-00C04F79EFBC}") = "MultiShop.Cargo.DtoLayer", "Services\Cargo\MultiShop.Cargo.DtoLayer\MultiShop.Cargo.DtoLayer.csproj", "{8A899FC9-E503-470E-83A7-BC9A8F4D506C}"
EndProject
Project("{FAE04EC0-301F-11D3-BF4B-00C04F79EFBC}") = "MultiShop.Cargo.WebApi", "Services\Cargo\MultiShop.Cargo.WebApi\MultiShop.Cargo.WebApi.csproj", "{89372F3F-86D2-462E-B74F-88D4BD4CCB40}"
EndProject
Project("{2150E333-8FDC-42A3-9474-1A3956D46DE8}") = "Basket", "Basket", "{E677BB4D-51E1-40EB-92E4-2D956FA6FCCA}"
EndProject
Project("{FAE04EC0-301F-11D3-BF4B-00C04F79EFBC}") = "MultiShop.Basket.WebApi", "Services\Basket\MultiShop.Basket.WebApi\MultiShop.Basket.WebApi.csproj", "{7B2A388F-9DE4-44D0-88A2-C181AF0AAD49}"
EndProject
Project("{2150E333-8FDC-42A3-9474-1A3956D46DE8}") = "Frontend", "Frontend", "{543FCEC9-C088-4C24-A7D4-3370944F7D9A}"
EndProject
Project("{FAE04EC0-301F-11D3-BF4B-00C04F79EFBC}") = "MultiShop.WebUI", "Frontend\MultiShop.WebUI\MultiShop.WebUI.csproj", "{839CE862-8BB1-42BC-A6FF-B810E9393222}"
EndProject
Project("{FAE04EC0-301F-11D3-BF4B-00C04F79EFBC}") = "MultiShop.DtoLayer", "Frontend\MultiShop.DtoLayer\MultiShop.DtoLayer.csproj", "{BB2B4AE0-8DC8-4F93-BD45-A9287CD4E015}"
EndProject
Project("{2150E333-8FDC-42A3-9474-1A3956D46DE8}") = "Comment", "Comment", "{10B71560-C3A0-4711-A543-FF71C1E79553}"
EndProject
Project("{FAE04EC0-301F-11D3-BF4B-00C04F79EFBC}") = "MultiShop.Comment", "Services\Comment\MultiShop.Comment\MultiShop.Comment.csproj", "{B7A0689D-BEA9-4FC6-BB6C-B26BF92491C2}"
EndProject
Project("{2150E333-8FDC-42A3-9474-1A3956D46DE8}") = "ApiGateway", "ApiGateway", "{E69C2837-89C4-486D-B8D2-74A97FCB0D6A}"
EndProject
Project("{2150E333-8FDC-42A3-9474-1A3956D46DE8}") = "RapidApi", "RapidApi", "{5BB8AE0B-3528-4CF7-8AA6-AE587664E453}"
EndProject
Project("{FAE04EC0-301F-11D3-BF4B-00C04F79EFBC}") = "MultiShop.OcelotGateway", "ApiGateway\MultiShop.OcelotGateway\MultiShop.OcelotGateway.csproj", "{3EF40293-7BAB-4BF4-BCF0-2ED5B0A714A3}"
EndProject
Project("{2150E333-8FDC-42A3-9474-1A3956D46DE8}") = "Payment", "Payment", "{BB93F62E-130A-4E70-AF50-9E2795589BAA}"
EndProject
Project("{FAE04EC0-301F-11D3-BF4B-00C04F79EFBC}") = "MultiShop.Payment", "Services\Payment\MultiShop.Payment\MultiShop.Payment.csproj", "{1A1F0D1F-33C2-4285-BBB4-07236F90F1E2}"
EndProject
Project("{2150E333-8FDC-42A3-9474-1A3956D46DE8}") = "Image", "Image", "{15ED33A7-D36D-4F1C-8AC8-9B6E0556962B}"
EndProject
Project("{FAE04EC0-301F-11D3-BF4B-00C04F79EFBC}") = "MultiShop.Image", "Services\Image\MultiShop.Image\MultiShop.Image.csproj", "{EE32F18A-7DAF-45A4-9344-C13E341A4996}"
EndProject
Project("{2150E333-8FDC-42A3-9474-1A3956D46DE8}") = "Message", "Message", "{7E4E9A9C-54C4-4FB3-A53B-8B185C2EC4FA}"
EndProject
Project("{FAE04EC0-301F-11D3-BF4B-00C04F79EFBC}") = "MultiShop.Message", "Services\Message\MultiShop.Message\MultiShop.Message.csproj", "{DE04066D-C7B4-40D2-B714-DFB682417105}"
EndProject
Project("{2150E333-8FDC-42A3-9474-1A3956D46DE8}") = "SignalR", "SignalR", "{0F7AB347-B6DB-407E-8573-94FF7E88A402}"
EndProject
Project("{FAE04EC0-301F-11D3-BF4B-00C04F79EFBC}") = "MultiShop.SignalRWebApi", "Services\SignalR\MultiShop.SignalRWebApi\MultiShop.SignalRWebApi.csproj", "{698C47FC-8A45-48AE-97F5-2A6772253C73}"
EndProject
Project("{FAE04EC0-301F-11D3-BF4B-00C04F79EFBC}") = "MultiShop.ImageWebUI", "Services\Image\MultiShop.ImageWebUI\MultiShop.ImageWebUI.csproj", "{8418F68A-A853-41C3-ABB5-7D2A6256861B}"
EndProject
Project("{2150E333-8FDC-42A3-9474-1A3956D46DE8}") = "RabbitMQ", "RabbitMQ", "{9F7A6546-ADF5-4E53-9A4A-0880764044B1}"
EndProject
Project("{FAE04EC0-301F-11D3-BF4B-00C04F79EFBC}") = "MultiShop.RabbitMQWebApi", "Services\RabbitMQ\MultiShop.RabbitMQWebApi\MultiShop.RabbitMQWebApi.csproj", "{9DFB827E-76CF-476A-B004-B6027FC1D45E}"
EndProject
Global
	GlobalSection(SolutionConfigurationPlatforms) = preSolution
		Debug|Any CPU = Debug|Any CPU
		Release|Any CPU = Release|Any CPU
	EndGlobalSection
	GlobalSection(ProjectConfigurationPlatforms) = postSolution
		{506804C8-7AE2-4EB6-BC8A-6C23DADBC7FB}.Debug|Any CPU.ActiveCfg = Debug|Any CPU
		{506804C8-7AE2-4EB6-BC8A-6C23DADBC7FB}.Debug|Any CPU.Build.0 = Debug|Any CPU
		{506804C8-7AE2-4EB6-BC8A-6C23DADBC7FB}.Release|Any CPU.ActiveCfg = Release|Any CPU
		{506804C8-7AE2-4EB6-BC8A-6C23DADBC7FB}.Release|Any CPU.Build.0 = Release|Any CPU
		{8BB15002-5AE8-41FF-8DCC-E81830DC62A7}.Debug|Any CPU.ActiveCfg = Debug|Any CPU
		{8BB15002-5AE8-41FF-8DCC-E81830DC62A7}.Debug|Any CPU.Build.0 = Debug|Any CPU
		{8BB15002-5AE8-41FF-8DCC-E81830DC62A7}.Release|Any CPU.ActiveCfg = Release|Any CPU
		{8BB15002-5AE8-41FF-8DCC-E81830DC62A7}.Release|Any CPU.Build.0 = Release|Any CPU
		{0BFBF8F3-8A0F-4962-A140-A59E1A534CF2}.Debug|Any CPU.ActiveCfg = Debug|Any CPU
		{0BFBF8F3-8A0F-4962-A140-A59E1A534CF2}.Debug|Any CPU.Build.0 = Debug|Any CPU
		{0BFBF8F3-8A0F-4962-A140-A59E1A534CF2}.Release|Any CPU.ActiveCfg = Release|Any CPU
		{0BFBF8F3-8A0F-4962-A140-A59E1A534CF2}.Release|Any CPU.Build.0 = Release|Any CPU
		{4BBDB31C-4AFE-4886-B1C3-ADBC3F6651E2}.Debug|Any CPU.ActiveCfg = Debug|Any CPU
		{4BBDB31C-4AFE-4886-B1C3-ADBC3F6651E2}.Debug|Any CPU.Build.0 = Debug|Any CPU
		{4BBDB31C-4AFE-4886-B1C3-ADBC3F6651E2}.Release|Any CPU.ActiveCfg = Release|Any CPU
		{4BBDB31C-4AFE-4886-B1C3-ADBC3F6651E2}.Release|Any CPU.Build.0 = Release|Any CPU
		{B5458493-D95F-4A8D-8CF2-072CE7E0E50C}.Debug|Any CPU.ActiveCfg = Debug|Any CPU
		{B5458493-D95F-4A8D-8CF2-072CE7E0E50C}.Debug|Any CPU.Build.0 = Debug|Any CPU
		{B5458493-D95F-4A8D-8CF2-072CE7E0E50C}.Release|Any CPU.ActiveCfg = Release|Any CPU
		{B5458493-D95F-4A8D-8CF2-072CE7E0E50C}.Release|Any CPU.Build.0 = Release|Any CPU
		{19320D6A-65EC-47D4-8395-DF7E2C85917D}.Debug|Any CPU.ActiveCfg = Debug|Any CPU
		{19320D6A-65EC-47D4-8395-DF7E2C85917D}.Debug|Any CPU.Build.0 = Debug|Any CPU
		{19320D6A-65EC-47D4-8395-DF7E2C85917D}.Release|Any CPU.ActiveCfg = Release|Any CPU
		{19320D6A-65EC-47D4-8395-DF7E2C85917D}.Release|Any CPU.Build.0 = Release|Any CPU
		{EA14094F-FB55-5ABC-1402-B4229C4AD0B1}.Debug|Any CPU.ActiveCfg = Debug|Any CPU
		{EA14094F-FB55-5ABC-1402-B4229C4AD0B1}.Debug|Any CPU.Build.0 = Debug|Any CPU
		{EA14094F-FB55-5ABC-1402-B4229C4AD0B1}.Release|Any CPU.ActiveCfg = Release|Any CPU
		{EA14094F-FB55-5ABC-1402-B4229C4AD0B1}.Release|Any CPU.Build.0 = Release|Any CPU
		{89FD09BE-AFEE-4580-9E24-D5E5E3F280DD}.Debug|Any CPU.ActiveCfg = Debug|Any CPU
		{89FD09BE-AFEE-4580-9E24-D5E5E3F280DD}.Debug|Any CPU.Build.0 = Debug|Any CPU
		{89FD09BE-AFEE-4580-9E24-D5E5E3F280DD}.Release|Any CPU.ActiveCfg = Release|Any CPU
		{89FD09BE-AFEE-4580-9E24-D5E5E3F280DD}.Release|Any CPU.Build.0 = Release|Any CPU
		{134372A7-8A28-4737-BCEB-488E47B575D0}.Debug|Any CPU.ActiveCfg = Debug|Any CPU
		{134372A7-8A28-4737-BCEB-488E47B575D0}.Debug|Any CPU.Build.0 = Debug|Any CPU
		{134372A7-8A28-4737-BCEB-488E47B575D0}.Release|Any CPU.ActiveCfg = Release|Any CPU
		{134372A7-8A28-4737-BCEB-488E47B575D0}.Release|Any CPU.Build.0 = Release|Any CPU
		{507B7FE8-7C64-4620-8420-EFEAEC4C7538}.Debug|Any CPU.ActiveCfg = Debug|Any CPU
		{507B7FE8-7C64-4620-8420-EFEAEC4C7538}.Debug|Any CPU.Build.0 = Debug|Any CPU
		{507B7FE8-7C64-4620-8420-EFEAEC4C7538}.Release|Any CPU.ActiveCfg = Release|Any CPU
		{507B7FE8-7C64-4620-8420-EFEAEC4C7538}.Release|Any CPU.Build.0 = Release|Any CPU
		{8A899FC9-E503-470E-83A7-BC9A8F4D506C}.Debug|Any CPU.ActiveCfg = Debug|Any CPU
		{8A899FC9-E503-470E-83A7-BC9A8F4D506C}.Debug|Any CPU.Build.0 = Debug|Any CPU
		{8A899FC9-E503-470E-83A7-BC9A8F4D506C}.Release|Any CPU.ActiveCfg = Release|Any CPU
		{8A899FC9-E503-470E-83A7-BC9A8F4D506C}.Release|Any CPU.Build.0 = Release|Any CPU
		{89372F3F-86D2-462E-B74F-88D4BD4CCB40}.Debug|Any CPU.ActiveCfg = Debug|Any CPU
		{89372F3F-86D2-462E-B74F-88D4BD4CCB40}.Debug|Any CPU.Build.0 = Debug|Any CPU
		{89372F3F-86D2-462E-B74F-88D4BD4CCB40}.Release|Any CPU.ActiveCfg = Release|Any CPU
		{89372F3F-86D2-462E-B74F-88D4BD4CCB40}.Release|Any CPU.Build.0 = Release|Any CPU
		{7B2A388F-9DE4-44D0-88A2-C181AF0AAD49}.Debug|Any CPU.ActiveCfg = Debug|Any CPU
		{7B2A388F-9DE4-44D0-88A2-C181AF0AAD49}.Debug|Any CPU.Build.0 = Debug|Any CPU
		{7B2A388F-9DE4-44D0-88A2-C181AF0AAD49}.Release|Any CPU.ActiveCfg = Release|Any CPU
		{7B2A388F-9DE4-44D0-88A2-C181AF0AAD49}.Release|Any CPU.Build.0 = Release|Any CPU
		{839CE862-8BB1-42BC-A6FF-B810E9393222}.Debug|Any CPU.ActiveCfg = Debug|Any CPU
		{839CE862-8BB1-42BC-A6FF-B810E9393222}.Debug|Any CPU.Build.0 = Debug|Any CPU
		{839CE862-8BB1-42BC-A6FF-B810E9393222}.Release|Any CPU.ActiveCfg = Release|Any CPU
		{839CE862-8BB1-42BC-A6FF-B810E9393222}.Release|Any CPU.Build.0 = Release|Any CPU
		{BB2B4AE0-8DC8-4F93-BD45-A9287CD4E015}.Debug|Any CPU.ActiveCfg = Debug|Any CPU
		{BB2B4AE0-8DC8-4F93-BD45-A9287CD4E015}.Debug|Any CPU.Build.0 = Debug|Any CPU
		{BB2B4AE0-8DC8-4F93-BD45-A9287CD4E015}.Release|Any CPU.ActiveCfg = Release|Any CPU
		{BB2B4AE0-8DC8-4F93-BD45-A9287CD4E015}.Release|Any CPU.Build.0 = Release|Any CPU
		{B7A0689D-BEA9-4FC6-BB6C-B26BF92491C2}.Debug|Any CPU.ActiveCfg = Debug|Any CPU
		{B7A0689D-BEA9-4FC6-BB6C-B26BF92491C2}.Debug|Any CPU.Build.0 = Debug|Any CPU
		{B7A0689D-BEA9-4FC6-BB6C-B26BF92491C2}.Release|Any CPU.ActiveCfg = Release|Any CPU
		{B7A0689D-BEA9-4FC6-BB6C-B26BF92491C2}.Release|Any CPU.Build.0 = Release|Any CPU
		{3EF40293-7BAB-4BF4-BCF0-2ED5B0A714A3}.Debug|Any CPU.ActiveCfg = Debug|Any CPU
		{3EF40293-7BAB-4BF4-BCF0-2ED5B0A714A3}.Debug|Any CPU.Build.0 = Debug|Any CPU
		{3EF40293-7BAB-4BF4-BCF0-2ED5B0A714A3}.Release|Any CPU.ActiveCfg = Release|Any CPU
		{3EF40293-7BAB-4BF4-BCF0-2ED5B0A714A3}.Release|Any CPU.Build.0 = Release|Any CPU
		{1A1F0D1F-33C2-4285-BBB4-07236F90F1E2}.Debug|Any CPU.ActiveCfg = Debug|Any CPU
		{1A1F0D1F-33C2-4285-BBB4-07236F90F1E2}.Debug|Any CPU.Build.0 = Debug|Any CPU
		{1A1F0D1F-33C2-4285-BBB4-07236F90F1E2}.Release|Any CPU.ActiveCfg = Release|Any CPU
		{1A1F0D1F-33C2-4285-BBB4-07236F90F1E2}.Release|Any CPU.Build.0 = Release|Any CPU
		{EE32F18A-7DAF-45A4-9344-C13E341A4996}.Debug|Any CPU.ActiveCfg = Debug|Any CPU
		{EE32F18A-7DAF-45A4-9344-C13E341A4996}.Debug|Any CPU.Build.0 = Debug|Any CPU
		{EE32F18A-7DAF-45A4-9344-C13E341A4996}.Release|Any CPU.ActiveCfg = Release|Any CPU
		{EE32F18A-7DAF-45A4-9344-C13E341A4996}.Release|Any CPU.Build.0 = Release|Any CPU
		{DE04066D-C7B4-40D2-B714-DFB682417105}.Debug|Any CPU.ActiveCfg = Debug|Any CPU
		{DE04066D-C7B4-40D2-B714-DFB682417105}.Debug|Any CPU.Build.0 = Debug|Any CPU
		{DE04066D-C7B4-40D2-B714-DFB682417105}.Release|Any CPU.ActiveCfg = Release|Any CPU
		{DE04066D-C7B4-40D2-B714-DFB682417105}.Release|Any CPU.Build.0 = Release|Any CPU
		{698C47FC-8A45-48AE-97F5-2A6772253C73}.Debug|Any CPU.ActiveCfg = Debug|Any CPU
		{698C47FC-8A45-48AE-97F5-2A6772253C73}.Debug|Any CPU.Build.0 = Debug|Any CPU
		{698C47FC-8A45-48AE-97F5-2A6772253C73}.Release|Any CPU.ActiveCfg = Release|Any CPU
		{698C47FC-8A45-48AE-97F5-2A6772253C73}.Release|Any CPU.Build.0 = Release|Any CPU
		{8418F68A-A853-41C3-ABB5-7D2A6256861B}.Debug|Any CPU.ActiveCfg = Debug|Any CPU
		{8418F68A-A853-41C3-ABB5-7D2A6256861B}.Debug|Any CPU.Build.0 = Debug|Any CPU
		{8418F68A-A853-41C3-ABB5-7D2A6256861B}.Release|Any CPU.ActiveCfg = Release|Any CPU
		{8418F68A-A853-41C3-ABB5-7D2A6256861B}.Release|Any CPU.Build.0 = Release|Any CPU
		{9DFB827E-76CF-476A-B004-B6027FC1D45E}.Debug|Any CPU.ActiveCfg = Debug|Any CPU
		{9DFB827E-76CF-476A-B004-B6027FC1D45E}.Debug|Any CPU.Build.0 = Debug|Any CPU
		{9DFB827E-76CF-476A-B004-B6027FC1D45E}.Release|Any CPU.ActiveCfg = Release|Any CPU
		{9DFB827E-76CF-476A-B004-B6027FC1D45E}.Release|Any CPU.Build.0 = Release|Any CPU
	EndGlobalSection
	GlobalSection(SolutionProperties) = preSolution
		HideSolutionNode = FALSE
	EndGlobalSection
	GlobalSection(NestedProjects) = preSolution
		{4E871530-8B7F-41A1-8485-3F4383D9C806} = {02EA681E-C7D8-13C7-8484-4AC65E1B71E8}
		{506804C8-7AE2-4EB6-BC8A-6C23DADBC7FB} = {4E871530-8B7F-41A1-8485-3F4383D9C806}
		{8AB938FE-872D-429F-91A4-F94886B9F887} = {02EA681E-C7D8-13C7-8484-4AC65E1B71E8}
		{8BB15002-5AE8-41FF-8DCC-E81830DC62A7} = {8AB938FE-872D-429F-91A4-F94886B9F887}
		{1EC051B0-34F9-454A-8304-6EDD94137018} = {02EA681E-C7D8-13C7-8484-4AC65E1B71E8}
		{8990DA10-527E-43CA-94EF-D54815E5181F} = {1EC051B0-34F9-454A-8304-6EDD94137018}
		{AB0E4950-F770-4A52-8E16-A8CCED92DC91} = {1EC051B0-34F9-454A-8304-6EDD94137018}
		{89E777C6-6C3A-4AD5-B586-E3C4FD1970D6} = {1EC051B0-34F9-454A-8304-6EDD94137018}
		{0BFBF8F3-8A0F-4962-A140-A59E1A534CF2} = {8990DA10-527E-43CA-94EF-D54815E5181F}
		{4BBDB31C-4AFE-4886-B1C3-ADBC3F6651E2} = {8990DA10-527E-43CA-94EF-D54815E5181F}
		{B5458493-D95F-4A8D-8CF2-072CE7E0E50C} = {AB0E4950-F770-4A52-8E16-A8CCED92DC91}
		{19320D6A-65EC-47D4-8395-DF7E2C85917D} = {89E777C6-6C3A-4AD5-B586-E3C4FD1970D6}
		{EA14094F-FB55-5ABC-1402-B4229C4AD0B1} = {63BC8367-0117-4C2E-A2A2-04721EAE6EB2}
		{D0D79875-402B-43C4-9974-AAA80472DC40} = {02EA681E-C7D8-13C7-8484-4AC65E1B71E8}
		{89FD09BE-AFEE-4580-9E24-D5E5E3F280DD} = {D0D79875-402B-43C4-9974-AAA80472DC40}
		{134372A7-8A28-4737-BCEB-488E47B575D0} = {D0D79875-402B-43C4-9974-AAA80472DC40}
		{507B7FE8-7C64-4620-8420-EFEAEC4C7538} = {D0D79875-402B-43C4-9974-AAA80472DC40}
		{8A899FC9-E503-470E-83A7-BC9A8F4D506C} = {D0D79875-402B-43C4-9974-AAA80472DC40}
		{89372F3F-86D2-462E-B74F-88D4BD4CCB40} = {D0D79875-402B-43C4-9974-AAA80472DC40}
		{E677BB4D-51E1-40EB-92E4-2D956FA6FCCA} = {02EA681E-C7D8-13C7-8484-4AC65E1B71E8}
		{7B2A388F-9DE4-44D0-88A2-C181AF0AAD49} = {E677BB4D-51E1-40EB-92E4-2D956FA6FCCA}
		{839CE862-8BB1-42BC-A6FF-B810E9393222} = {543FCEC9-C088-4C24-A7D4-3370944F7D9A}
		{BB2B4AE0-8DC8-4F93-BD45-A9287CD4E015} = {543FCEC9-C088-4C24-A7D4-3370944F7D9A}
		{10B71560-C3A0-4711-A543-FF71C1E79553} = {02EA681E-C7D8-13C7-8484-4AC65E1B71E8}
		{B7A0689D-BEA9-4FC6-BB6C-B26BF92491C2} = {10B71560-C3A0-4711-A543-FF71C1E79553}
		{3EF40293-7BAB-4BF4-BCF0-2ED5B0A714A3} = {E69C2837-89C4-486D-B8D2-74A97FCB0D6A}
		{BB93F62E-130A-4E70-AF50-9E2795589BAA} = {02EA681E-C7D8-13C7-8484-4AC65E1B71E8}
		{1A1F0D1F-33C2-4285-BBB4-07236F90F1E2} = {BB93F62E-130A-4E70-AF50-9E2795589BAA}
		{15ED33A7-D36D-4F1C-8AC8-9B6E0556962B} = {02EA681E-C7D8-13C7-8484-4AC65E1B71E8}
		{EE32F18A-7DAF-45A4-9344-C13E341A4996} = {15ED33A7-D36D-4F1C-8AC8-9B6E0556962B}
		{7E4E9A9C-54C4-4FB3-A53B-8B185C2EC4FA} = {02EA681E-C7D8-13C7-8484-4AC65E1B71E8}
		{DE04066D-C7B4-40D2-B714-DFB682417105} = {7E4E9A9C-54C4-4FB3-A53B-8B185C2EC4FA}
		{0F7AB347-B6DB-407E-8573-94FF7E88A402} = {02EA681E-C7D8-13C7-8484-4AC65E1B71E8}
		{698C47FC-8A45-48AE-97F5-2A6772253C73} = {0F7AB347-B6DB-407E-8573-94FF7E88A402}
		{8418F68A-A853-41C3-ABB5-7D2A6256861B} = {15ED33A7-D36D-4F1C-8AC8-9B6E0556962B}
		{9F7A6546-ADF5-4E53-9A4A-0880764044B1} = {02EA681E-C7D8-13C7-8484-4AC65E1B71E8}
		{9DFB827E-76CF-476A-B004-B6027FC1D45E} = {9F7A6546-ADF5-4E53-9A4A-0880764044B1}
	EndGlobalSection
	GlobalSection(ExtensibilityGlobals) = postSolution
		SolutionGuid = {6411C1AA-5AFE-4D48-BFB5-EF417243DA82}
	EndGlobalSection
EndGlobal
