
Microsoft Visual Studio Solution File, Format Version 12.00
# Visual Studio Version 17
VisualStudioVersion = 17.13.35818.85
MinimumVisualStudioVersion = 10.0.40219.1
Project("{2150E333-8FDC-42A3-9474-1A3956D46DE8}") = "Services", "Services", "{02EA681E-C7D8-13C7-8484-4AC65E1B71E8}"
EndProject
Project("{2150E333-8FDC-42A3-9474-1A3956D46DE8}") = "Catalog", "Catalog", "{4E871530-8B7F-41A1-8485-3F4383D9C806}"
EndProject
Project("{FAE04EC0-301F-11D3-BF4B-00C04F79EFBC}") = "MultiShop.Catalog", "Services\Catalog\MultiShop.Catalog\MultiShop.Catalog.csproj", "{506804C8-7AE2-4EB6-BC8A-6C23DADBC7FB}"
EndProject
Project("{2150E333-8FDC-42A3-9474-1A3956D46DE8}") = "Discount", "Discount", "{8AB938FE-872D-429F-91A4-F94886B9F887}"
EndProject
Project("{FAE04EC0-301F-11D3-BF4B-00C04F79EFBC}") = "MultiShop.Discount", "Services\Discount\MultiShop.Discount\MultiShop.Discount.csproj", "{8BB15002-5AE8-41FF-8DCC-E81830DC62A7}"
EndProject
Project("{2150E333-8FDC-42A3-9474-1A3956D46DE8}") = "Order", "Order", "{1EC051B0-34F9-454A-8304-6EDD94137018}"
EndProject
Project("{2150E333-8FDC-42A3-9474-1A3956D46DE8}") = "Core", "Core", "{8990DA10-527E-43CA-94EF-D54815E5181F}"
EndProject
Project("{2150E333-8FDC-42A3-9474-1A3956D46DE8}") = "Infrastructure", "Infrastructure", "{AB0E4950-F770-4A52-8E16-A8CCED92DC91}"
EndProject
Project("{2150E333-8FDC-42A3-9474-1A3956D46DE8}") = "Presentation", "Presentation", "{89E777C6-6C3A-4AD5-B586-E3C4FD1970D6}"
EndProject
Project("{FAE04EC0-301F-11D3-BF4B-00C04F79EFBC}") = "MultiShop.Order.Domain", "Services\Order\Core\MultiShop.Order.Domain\MultiShop.Order.Domain.csproj", "{0BFBF8F3-8A0F-4962-A140-A59E1A534CF2}"
EndProject
Project("{FAE04EC0-301F-11D3-BF4B-00C04F79EFBC}") = "MultiShop.Order.Application", "Services\Order\Core\MultiShop.Order.Application\MultiShop.Order.Application.csproj", "{4BBDB31C-4AFE-4886-B1C3-ADBC3F6651E2}"
EndProject
Project("{FAE04EC0-301F-11D3-BF4B-00C04F79EFBC}") = "MultiShop.Order.Persistence", "Services\Order\Infrastructure\MultiShop.Order.Persistence\MultiShop.Order.Persistence.csproj", "{B5458493-D95F-4A8D-8CF2-072CE7E0E50C}"
EndProject
Project("{FAE04EC0-301F-11D3-BF4B-00C04F79EFBC}") = "MultiShop.Order.WebApi", "Services\Order\Presentation\MultiShop.Order.WebApi\MultiShop.Order.WebApi.csproj", "{19320D6A-65EC-47D4-8395-DF7E2C85917D}"
EndProject
Project("{2150E333-8FDC-42A3-9474-1A3956D46DE8}") = "IdentityServer", "IdentityServer", "{63BC8367-0117-4C2E-A2A2-04721EAE6EB2}"
EndProject
Project("{FAE04EC0-301F-11D3-BF4B-00C04F79EFBC}") = "MultiShop.IdentityServer", "IdentityServer\MultiShop.IdentityServer\MultiShop.IdentityServer.csproj", "{EA14094F-FB55-5ABC-1402-B4229C4AD0B1}"
EndProject
Project("{2150E333-8FDC-42A3-9474-1A3956D46DE8}") = "Requirements", "Requirements", "{2E2D58F3-C664-45EF-8F87-DD00853E528D}"
	ProjectSection(SolutionItems) = preProject
		IdentityServerVersionErrorSolution.txt = IdentityServerVersionErrorSolution.txt
		PortainerCmd.txt = PortainerCmd.txt
	EndProjectSection
EndProject
Global
	GlobalSection(SolutionConfigurationPlatforms) = preSolution
		Debug|Any CPU = Debug|Any CPU
		Release|Any CPU = Release|Any CPU
	EndGlobalSection
	GlobalSection(ProjectConfigurationPlatforms) = postSolution
		{506804C8-7AE2-4EB6-BC8A-6C23DADBC7FB}.Debug|Any CPU.ActiveCfg = Debug|Any CPU
		{506804C8-7AE2-4EB6-BC8A-6C23DADBC7FB}.Debug|Any CPU.Build.0 = Debug|Any CPU
		{506804C8-7AE2-4EB6-BC8A-6C23DADBC7FB}.Release|Any CPU.ActiveCfg = Release|Any CPU
		{506804C8-7AE2-4EB6-BC8A-6C23DADBC7FB}.Release|Any CPU.Build.0 = Release|Any CPU
		{8BB15002-5AE8-41FF-8DCC-E81830DC62A7}.Debug|Any CPU.ActiveCfg = Debug|Any CPU
		{8BB15002-5AE8-41FF-8DCC-E81830DC62A7}.Debug|Any CPU.Build.0 = Debug|Any CPU
		{8BB15002-5AE8-41FF-8DCC-E81830DC62A7}.Release|Any CPU.ActiveCfg = Release|Any CPU
		{8BB15002-5AE8-41FF-8DCC-E81830DC62A7}.Release|Any CPU.Build.0 = Release|Any CPU
		{0BFBF8F3-8A0F-4962-A140-A59E1A534CF2}.Debug|Any CPU.ActiveCfg = Debug|Any CPU
		{0BFBF8F3-8A0F-4962-A140-A59E1A534CF2}.Debug|Any CPU.Build.0 = Debug|Any CPU
		{0BFBF8F3-8A0F-4962-A140-A59E1A534CF2}.Release|Any CPU.ActiveCfg = Release|Any CPU
		{0BFBF8F3-8A0F-4962-A140-A59E1A534CF2}.Release|Any CPU.Build.0 = Release|Any CPU
		{4BBDB31C-4AFE-4886-B1C3-ADBC3F6651E2}.Debug|Any CPU.ActiveCfg = Debug|Any CPU
		{4BBDB31C-4AFE-4886-B1C3-ADBC3F6651E2}.Debug|Any CPU.Build.0 = Debug|Any CPU
		{4BBDB31C-4AFE-4886-B1C3-ADBC3F6651E2}.Release|Any CPU.ActiveCfg = Release|Any CPU
		{4BBDB31C-4AFE-4886-B1C3-ADBC3F6651E2}.Release|Any CPU.Build.0 = Release|Any CPU
		{B5458493-D95F-4A8D-8CF2-072CE7E0E50C}.Debug|Any CPU.ActiveCfg = Debug|Any CPU
		{B5458493-D95F-4A8D-8CF2-072CE7E0E50C}.Debug|Any CPU.Build.0 = Debug|Any CPU
		{B5458493-D95F-4A8D-8CF2-072CE7E0E50C}.Release|Any CPU.ActiveCfg = Release|Any CPU
		{B5458493-D95F-4A8D-8CF2-072CE7E0E50C}.Release|Any CPU.Build.0 = Release|Any CPU
		{19320D6A-65EC-47D4-8395-DF7E2C85917D}.Debug|Any CPU.ActiveCfg = Debug|Any CPU
		{19320D6A-65EC-47D4-8395-DF7E2C85917D}.Debug|Any CPU.Build.0 = Debug|Any CPU
		{19320D6A-65EC-47D4-8395-DF7E2C85917D}.Release|Any CPU.ActiveCfg = Release|Any CPU
		{19320D6A-65EC-47D4-8395-DF7E2C85917D}.Release|Any CPU.Build.0 = Release|Any CPU
		{EA14094F-FB55-5ABC-1402-B4229C4AD0B1}.Debug|Any CPU.ActiveCfg = Debug|Any CPU
		{EA14094F-FB55-5ABC-1402-B4229C4AD0B1}.Debug|Any CPU.Build.0 = Debug|Any CPU
		{EA14094F-FB55-5ABC-1402-B4229C4AD0B1}.Release|Any CPU.ActiveCfg = Release|Any CPU
		{EA14094F-FB55-5ABC-1402-B4229C4AD0B1}.Release|Any CPU.Build.0 = Release|Any CPU
	EndGlobalSection
	GlobalSection(SolutionProperties) = preSolution
		HideSolutionNode = FALSE
	EndGlobalSection
	GlobalSection(NestedProjects) = preSolution
		{4E871530-8B7F-41A1-8485-3F4383D9C806} = {02EA681E-C7D8-13C7-8484-4AC65E1B71E8}
		{506804C8-7AE2-4EB6-BC8A-6C23DADBC7FB} = {4E871530-8B7F-41A1-8485-3F4383D9C806}
		{8AB938FE-872D-429F-91A4-F94886B9F887} = {02EA681E-C7D8-13C7-8484-4AC65E1B71E8}
		{8BB15002-5AE8-41FF-8DCC-E81830DC62A7} = {8AB938FE-872D-429F-91A4-F94886B9F887}
		{1EC051B0-34F9-454A-8304-6EDD94137018} = {02EA681E-C7D8-13C7-8484-4AC65E1B71E8}
		{8990DA10-527E-43CA-94EF-D54815E5181F} = {1EC051B0-34F9-454A-8304-6EDD94137018}
		{AB0E4950-F770-4A52-8E16-A8CCED92DC91} = {1EC051B0-34F9-454A-8304-6EDD94137018}
		{89E777C6-6C3A-4AD5-B586-E3C4FD1970D6} = {1EC051B0-34F9-454A-8304-6EDD94137018}
		{0BFBF8F3-8A0F-4962-A140-A59E1A534CF2} = {8990DA10-527E-43CA-94EF-D54815E5181F}
		{4BBDB31C-4AFE-4886-B1C3-ADBC3F6651E2} = {8990DA10-527E-43CA-94EF-D54815E5181F}
		{B5458493-D95F-4A8D-8CF2-072CE7E0E50C} = {AB0E4950-F770-4A52-8E16-A8CCED92DC91}
		{19320D6A-65EC-47D4-8395-DF7E2C85917D} = {89E777C6-6C3A-4AD5-B586-E3C4FD1970D6}
		{EA14094F-FB55-5ABC-1402-B4229C4AD0B1} = {63BC8367-0117-4C2E-A2A2-04721EAE6EB2}
	EndGlobalSection
	GlobalSection(ExtensibilityGlobals) = postSolution
		SolutionGuid = {6411C1AA-5AFE-4D48-BFB5-EF417243DA82}
	EndGlobalSection
EndGlobal
